
Microsoft Visual Studio Solution File, Format Version 12.00
# Visual Studio 15
Project("{FAE04EC0-301F-11D3-BF4B-00C04F79EFBC}") = "NaughtyAttributes.Core", "NaughtyAttributes.Core.csproj", "{3909ADF0-71DF-3060-626A-5B39E54F6A9B}"
EndProject
Project("{FAE04EC0-301F-11D3-BF4B-00C04F79EFBC}") = "NaughtyAttributes.Test", "NaughtyAttributes.Test.csproj", "{372B0FCB-7172-8EA4-8AB2-67C7524D150F}"
EndProject
Project("{FAE04EC0-301F-11D3-BF4B-00C04F79EFBC}") = "Assembly-CSharp", "Assembly-CSharp.csproj", "{BA43B8B1-7AC2-ABEB-6344-164B8571FDD9}"
EndProject
Project("{FAE04EC0-301F-11D3-BF4B-00C04F79EFBC}") = "NaughtyAttributes.Editor", "NaughtyAttributes.Editor.csproj", "{03091FA5-2C28-B475-B152-1815B4303B26}"
EndProject
Global
	GlobalSection(SolutionConfigurationPlatforms) = preSolution
		Debug|Any CPU = Debug|Any CPU
		Release|Any CPU = Release|Any CPU
	EndGlobalSection
	GlobalSection(ProjectConfigurationPlatforms) = postSolution
		{3909ADF0-71DF-3060-626A-5B39E54F6A9B}.Debug|Any CPU.ActiveCfg = Debug|Any CPU
		{3909ADF0-71DF-3060-626A-5B39E54F6A9B}.Debug|Any CPU.Build.0 = Debug|Any CPU
		{3909ADF0-71DF-3060-626A-5B39E54F6A9B}.Release|Any CPU.ActiveCfg = Release|Any CPU
		{3909ADF0-71DF-3060-626A-5B39E54F6A9B}.Release|Any CPU.Build.0 = Release|Any CPU
		{372B0FCB-7172-8EA4-8AB2-67C7524D150F}.Debug|Any CPU.ActiveCfg = Debug|Any CPU
		{372B0FCB-7172-8EA4-8AB2-67C7524D150F}.Debug|Any CPU.Build.0 = Debug|Any CPU
		{372B0FCB-7172-8EA4-8AB2-67C7524D150F}.Release|Any CPU.ActiveCfg = Release|Any CPU
		{372B0FCB-7172-8EA4-8AB2-67C7524D150F}.Release|Any CPU.Build.0 = Release|Any CPU
		{BA43B8B1-7AC2-ABEB-6344-164B8571FDD9}.Debug|Any CPU.ActiveCfg = Debug|Any CPU
		{BA43B8B1-7AC2-ABEB-6344-164B8571FDD9}.Debug|Any CPU.Build.0 = Debug|Any CPU
		{BA43B8B1-7AC2-ABEB-6344-164B8571FDD9}.Release|Any CPU.ActiveCfg = Release|Any CPU
		{BA43B8B1-7AC2-ABEB-6344-164B8571FDD9}.Release|Any CPU.Build.0 = Release|Any CPU
		{03091FA5-2C28-B475-B152-1815B4303B26}.Debug|Any CPU.ActiveCfg = Debug|Any CPU
		{03091FA5-2C28-B475-B152-1815B4303B26}.Debug|Any CPU.Build.0 = Debug|Any CPU
		{03091FA5-2C28-B475-B152-1815B4303B26}.Release|Any CPU.ActiveCfg = Release|Any CPU
		{03091FA5-2C28-B475-B152-1815B4303B26}.Release|Any CPU.Build.0 = Release|Any CPU
	EndGlobalSection
	GlobalSection(SolutionProperties) = preSolution
		HideSolutionNode = FALSE
	EndGlobalSection
EndGlobal
